// !$*UTF8*$!
{
	archiveVersion = 1;
	classes = {
	};
	objectVersion = 50;
	objects = {

/* Begin PBXBuildFile section */
		18271DC5253865A1002FE5BB /* AppDelegate.swift in Sources */ = {isa = PBXBuildFile; fileRef = 18271DC4253865A1002FE5BB /* AppDelegate.swift */; };
		18271DC7253865A1002FE5BB /* SceneDelegate.swift in Sources */ = {isa = PBXBuildFile; fileRef = 18271DC6253865A1002FE5BB /* SceneDelegate.swift */; };
		18271DC9253865A1002FE5BB /* ViewController.swift in Sources */ = {isa = PBXBuildFile; fileRef = 18271DC8253865A1002FE5BB /* ViewController.swift */; };
		18271DCC253865A1002FE5BB /* Main.storyboard in Resources */ = {isa = PBXBuildFile; fileRef = 18271DCA253865A1002FE5BB /* Main.storyboard */; };
		18271DCE253865A3002FE5BB /* Assets.xcassets in Resources */ = {isa = PBXBuildFile; fileRef = 18271DCD253865A3002FE5BB /* Assets.xcassets */; };
		18271DD1253865A3002FE5BB /* LaunchScreen.storyboard in Resources */ = {isa = PBXBuildFile; fileRef = 18271DCF253865A3002FE5BB /* LaunchScreen.storyboard */; };
		18271DDC253865A3002FE5BB /* DeepLinkingTests.swift in Sources */ = {isa = PBXBuildFile; fileRef = 18271DDB253865A3002FE5BB /* DeepLinkingTests.swift */; };
		18271DE7253865A3002FE5BB /* DeepLinkingUITests.swift in Sources */ = {isa = PBXBuildFile; fileRef = 18271DE6253865A3002FE5BB /* DeepLinkingUITests.swift */; };
/* End PBXBuildFile section */

/* Begin PBXContainerItemProxy section */
		18271DD8253865A3002FE5BB /* PBXContainerItemProxy */ = {
			isa = PBXContainerItemProxy;
			containerPortal = 18271DB9253865A1002FE5BB /* Project object */;
			proxyType = 1;
			remoteGlobalIDString = 18271DC0253865A1002FE5BB;
			remoteInfo = DeepLinking;
		};
		18271DE3253865A3002FE5BB /* PBXContainerItemProxy */ = {
			isa = PBXContainerItemProxy;
			containerPortal = 18271DB9253865A1002FE5BB /* Project object */;
			proxyType = 1;
			remoteGlobalIDString = 18271DC0253865A1002FE5BB;
			remoteInfo = DeepLinking;
		};
/* End PBXContainerItemProxy section */

/* Begin PBXFileReference section */
		18271DC1253865A1002FE5BB /* DeepLinking.app */ = {isa = PBXFileReference; explicitFileType = wrapper.application; includeInIndex = 0; path = DeepLinking.app; sourceTree = BUILT_PRODUCTS_DIR; };
		18271DC4253865A1002FE5BB /* AppDelegate.swift */ = {isa = PBXFileReference; lastKnownFileType = sourcecode.swift; path = AppDelegate.swift; sourceTree = "<group>"; };
		18271DC6253865A1002FE5BB /* SceneDelegate.swift */ = {isa = PBXFileReference; lastKnownFileType = sourcecode.swift; path = SceneDelegate.swift; sourceTree = "<group>"; };
		18271DC8253865A1002FE5BB /* ViewController.swift */ = {isa = PBXFileReference; lastKnownFileType = sourcecode.swift; path = ViewController.swift; sourceTree = "<group>"; };
		18271DCB253865A1002FE5BB /* Base */ = {isa = PBXFileReference; lastKnownFileType = file.storyboard; name = Base; path = Base.lproj/Main.storyboard; sourceTree = "<group>"; };
		18271DCD253865A3002FE5BB /* Assets.xcassets */ = {isa = PBXFileReference; lastKnownFileType = folder.assetcatalog; path = Assets.xcassets; sourceTree = "<group>"; };
		18271DD0253865A3002FE5BB /* Base */ = {isa = PBXFileReference; lastKnownFileType = file.storyboard; name = Base; path = Base.lproj/LaunchScreen.storyboard; sourceTree = "<group>"; };
		18271DD2253865A3002FE5BB /* Info.plist */ = {isa = PBXFileReference; lastKnownFileType = text.plist.xml; path = Info.plist; sourceTree = "<group>"; };
		18271DD7253865A3002FE5BB /* DeepLinkingTests.xctest */ = {isa = PBXFileReference; explicitFileType = wrapper.cfbundle; includeInIndex = 0; path = DeepLinkingTests.xctest; sourceTree = BUILT_PRODUCTS_DIR; };
		18271DDB253865A3002FE5BB /* DeepLinkingTests.swift */ = {isa = PBXFileReference; lastKnownFileType = sourcecode.swift; path = DeepLinkingTests.swift; sourceTree = "<group>"; };
		18271DDD253865A3002FE5BB /* Info.plist */ = {isa = PBXFileReference; lastKnownFileType = text.plist.xml; path = Info.plist; sourceTree = "<group>"; };
		18271DE2253865A3002FE5BB /* DeepLinkingUITests.xctest */ = {isa = PBXFileReference; explicitFileType = wrapper.cfbundle; includeInIndex = 0; path = DeepLinkingUITests.xctest; sourceTree = BUILT_PRODUCTS_DIR; };
		18271DE6253865A3002FE5BB /* DeepLinkingUITests.swift */ = {isa = PBXFileReference; lastKnownFileType = sourcecode.swift; path = DeepLinkingUITests.swift; sourceTree = "<group>"; };
		18271DE8253865A3002FE5BB /* Info.plist */ = {isa = PBXFileReference; lastKnownFileType = text.plist.xml; path = Info.plist; sourceTree = "<group>"; };
/* End PBXFileReference section */

/* Begin PBXFrameworksBuildPhase section */
		18271DBE253865A1002FE5BB /* Frameworks */ = {
			isa = PBXFrameworksBuildPhase;
			buildActionMask = 2147483647;
			files = (
			);
			runOnlyForDeploymentPostprocessing = 0;
		};
		18271DD4253865A3002FE5BB /* Frameworks */ = {
			isa = PBXFrameworksBuildPhase;
			buildActionMask = 2147483647;
			files = (
			);
			runOnlyForDeploymentPostprocessing = 0;
		};
		18271DDF253865A3002FE5BB /* Frameworks */ = {
			isa = PBXFrameworksBuildPhase;
			buildActionMask = 2147483647;
			files = (
			);
			runOnlyForDeploymentPostprocessing = 0;
		};
/* End PBXFrameworksBuildPhase section */

/* Begin PBXGroup section */
		18271DB8253865A1002FE5BB = {
			isa = PBXGroup;
			children = (
				18271DC3253865A1002FE5BB /* DeepLinking */,
				18271DDA253865A3002FE5BB /* DeepLinkingTests */,
				18271DE5253865A3002FE5BB /* DeepLinkingUITests */,
				18271DC2253865A1002FE5BB /* Products */,
			);
			sourceTree = "<group>";
		};
		18271DC2253865A1002FE5BB /* Products */ = {
			isa = PBXGroup;
			children = (
				18271DC1253865A1002FE5BB /* DeepLinking.app */,
				18271DD7253865A3002FE5BB /* DeepLinkingTests.xctest */,
				18271DE2253865A3002FE5BB /* DeepLinkingUITests.xctest */,
			);
			name = Products;
			sourceTree = "<group>";
		};
		18271DC3253865A1002FE5BB /* DeepLinking */ = {
			isa = PBXGroup;
			children = (
				18271DC4253865A1002FE5BB /* AppDelegate.swift */,
				18271DC6253865A1002FE5BB /* SceneDelegate.swift */,
				18271DC8253865A1002FE5BB /* ViewController.swift */,
				18271DCA253865A1002FE5BB /* Main.storyboard */,
				18271DCD253865A3002FE5BB /* Assets.xcassets */,
				18271DCF253865A3002FE5BB /* LaunchScreen.storyboard */,
				18271DD2253865A3002FE5BB /* Info.plist */,
			);
			path = DeepLinking;
			sourceTree = "<group>";
		};
		18271DDA253865A3002FE5BB /* DeepLinkingTests */ = {
			isa = PBXGroup;
			children = (
				18271DDB253865A3002FE5BB /* DeepLinkingTests.swift */,
				18271DDD253865A3002FE5BB /* Info.plist */,
			);
			path = DeepLinkingTests;
			sourceTree = "<group>";
		};
		18271DE5253865A3002FE5BB /* DeepLinkingUITests */ = {
			isa = PBXGroup;
			children = (
				18271DE6253865A3002FE5BB /* DeepLinkingUITests.swift */,
				18271DE8253865A3002FE5BB /* Info.plist */,
			);
			path = DeepLinkingUITests;
			sourceTree = "<group>";
		};
/* End PBXGroup section */

/* Begin PBXNativeTarget section */
		18271DC0253865A1002FE5BB /* DeepLinking */ = {
			isa = PBXNativeTarget;
			buildConfigurationList = 18271DEB253865A3002FE5BB /* Build configuration list for PBXNativeTarget "DeepLinking" */;
			buildPhases = (
				18271DBD253865A1002FE5BB /* Sources */,
				18271DBE253865A1002FE5BB /* Frameworks */,
				18271DBF253865A1002FE5BB /* Resources */,
			);
			buildRules = (
			);
			dependencies = (
			);
			name = DeepLinking;
			productName = DeepLinking;
			productReference = 18271DC1253865A1002FE5BB /* DeepLinking.app */;
			productType = "com.apple.product-type.application";
		};
		18271DD6253865A3002FE5BB /* DeepLinkingTests */ = {
			isa = PBXNativeTarget;
			buildConfigurationList = 18271DEE253865A3002FE5BB /* Build configuration list for PBXNativeTarget "DeepLinkingTests" */;
			buildPhases = (
				18271DD3253865A3002FE5BB /* Sources */,
				18271DD4253865A3002FE5BB /* Frameworks */,
				18271DD5253865A3002FE5BB /* Resources */,
			);
			buildRules = (
			);
			dependencies = (
				18271DD9253865A3002FE5BB /* PBXTargetDependency */,
			);
			name = DeepLinkingTests;
			productName = DeepLinkingTests;
			productReference = 18271DD7253865A3002FE5BB /* DeepLinkingTests.xctest */;
			productType = "com.apple.product-type.bundle.unit-test";
		};
		18271DE1253865A3002FE5BB /* DeepLinkingUITests */ = {
			isa = PBXNativeTarget;
			buildConfigurationList = 18271DF1253865A3002FE5BB /* Build configuration list for PBXNativeTarget "DeepLinkingUITests" */;
			buildPhases = (
				18271DDE253865A3002FE5BB /* Sources */,
				18271DDF253865A3002FE5BB /* Frameworks */,
				18271DE0253865A3002FE5BB /* Resources */,
			);
			buildRules = (
			);
			dependencies = (
				18271DE4253865A3002FE5BB /* PBXTargetDependency */,
			);
			name = DeepLinkingUITests;
			productName = DeepLinkingUITests;
			productReference = 18271DE2253865A3002FE5BB /* DeepLinkingUITests.xctest */;
			productType = "com.apple.product-type.bundle.ui-testing";
		};
/* End PBXNativeTarget section */

/* Begin PBXProject section */
		18271DB9253865A1002FE5BB /* Project object */ = {
			isa = PBXProject;
			attributes = {
				LastSwiftUpdateCheck = 1200;
				LastUpgradeCheck = 1200;
				TargetAttributes = {
					18271DC0253865A1002FE5BB = {
						CreatedOnToolsVersion = 12.0.1;
					};
					18271DD6253865A3002FE5BB = {
						CreatedOnToolsVersion = 12.0.1;
						TestTargetID = 18271DC0253865A1002FE5BB;
					};
					18271DE1253865A3002FE5BB = {
						CreatedOnToolsVersion = 12.0.1;
						TestTargetID = 18271DC0253865A1002FE5BB;
					};
				};
			};
			buildConfigurationList = 18271DBC253865A1002FE5BB /* Build configuration list for PBXProject "DeepLinking" */;
			compatibilityVersion = "Xcode 9.3";
			developmentRegion = en;
			hasScannedForEncodings = 0;
			knownRegions = (
				en,
				Base,
			);
			mainGroup = 18271DB8253865A1002FE5BB;
			productRefGroup = 18271DC2253865A1002FE5BB /* Products */;
			projectDirPath = "";
			projectRoot = "";
			targets = (
				18271DC0253865A1002FE5BB /* DeepLinking */,
				18271DD6253865A3002FE5BB /* DeepLinkingTests */,
				18271DE1253865A3002FE5BB /* DeepLinkingUITests */,
			);
		};
/* End PBXProject section */

/* Begin PBXResourcesBuildPhase section */
		18271DBF253865A1002FE5BB /* Resources */ = {
			isa = PBXResourcesBuildPhase;
			buildActionMask = 2147483647;
			files = (
				18271DD1253865A3002FE5BB /* LaunchScreen.storyboard in Resources */,
				18271DCE253865A3002FE5BB /* Assets.xcassets in Resources */,
				18271DCC253865A1002FE5BB /* Main.storyboard in Resources */,
			);
			runOnlyForDeploymentPostprocessing = 0;
		};
		18271DD5253865A3002FE5BB /* Resources */ = {
			isa = PBXResourcesBuildPhase;
			buildActionMask = 2147483647;
			files = (
			);
			runOnlyForDeploymentPostprocessing = 0;
		};
		18271DE0253865A3002FE5BB /* Resources */ = {
			isa = PBXResourcesBuildPhase;
			buildActionMask = 2147483647;
			files = (
			);
			runOnlyForDeploymentPostprocessing = 0;
		};
/* End PBXResourcesBuildPhase section */

/* Begin PBXSourcesBuildPhase section */
		18271DBD253865A1002FE5BB /* Sources */ = {
			isa = PBXSourcesBuildPhase;
			buildActionMask = 2147483647;
			files = (
				18271DC9253865A1002FE5BB /* ViewController.swift in Sources */,
				18271DC5253865A1002FE5BB /* AppDelegate.swift in Sources */,
				18271DC7253865A1002FE5BB /* SceneDelegate.swift in Sources */,
			);
			runOnlyForDeploymentPostprocessing = 0;
		};
		18271DD3253865A3002FE5BB /* Sources */ = {
			isa = PBXSourcesBuildPhase;
			buildActionMask = 2147483647;
			files = (
				18271DDC253865A3002FE5BB /* DeepLinkingTests.swift in Sources */,
			);
			runOnlyForDeploymentPostprocessing = 0;
		};
		18271DDE253865A3002FE5BB /* Sources */ = {
			isa = PBXSourcesBuildPhase;
			buildActionMask = 2147483647;
			files = (
				18271DE7253865A3002FE5BB /* DeepLinkingUITests.swift in Sources */,
			);
			runOnlyForDeploymentPostprocessing = 0;
		};
/* End PBXSourcesBuildPhase section */

/* Begin PBXTargetDependency section */
		18271DD9253865A3002FE5BB /* PBXTargetDependency */ = {
			isa = PBXTargetDependency;
			target = 18271DC0253865A1002FE5BB /* DeepLinking */;
			targetProxy = 18271DD8253865A3002FE5BB /* PBXContainerItemProxy */;
		};
		18271DE4253865A3002FE5BB /* PBXTargetDependency */ = {
			isa = PBXTargetDependency;
			target = 18271DC0253865A1002FE5BB /* DeepLinking */;
			targetProxy = 18271DE3253865A3002FE5BB /* PBXContainerItemProxy */;
		};
/* End PBXTargetDependency section */

/* Begin PBXVariantGroup section */
		18271DCA253865A1002FE5BB /* Main.storyboard */ = {
			isa = PBXVariantGroup;
			children = (
				18271DCB253865A1002FE5BB /* Base */,
			);
			name = Main.storyboard;
			sourceTree = "<group>";
		};
		18271DCF253865A3002FE5BB /* LaunchScreen.storyboard */ = {
			isa = PBXVariantGroup;
			children = (
				18271DD0253865A3002FE5BB /* Base */,
			);
			name = LaunchScreen.storyboard;
			sourceTree = "<group>";
		};
/* End PBXVariantGroup section */

/* Begin XCBuildConfiguration section */
		18271DE9253865A3002FE5BB /* Debug */ = {
			isa = XCBuildConfiguration;
			buildSettings = {
				ALWAYS_SEARCH_USER_PATHS = NO;
				CLANG_ANALYZER_NONNULL = YES;
				CLANG_ANALYZER_NUMBER_OBJECT_CONVERSION = YES_AGGRESSIVE;
				CLANG_CXX_LANGUAGE_STANDARD = "gnu++14";
				CLANG_CXX_LIBRARY = "libc++";
				CLANG_ENABLE_MODULES = YES;
				CLANG_ENABLE_OBJC_ARC = YES;
				CLANG_ENABLE_OBJC_WEAK = YES;
				CLANG_WARN_BLOCK_CAPTURE_AUTORELEASING = YES;
				CLANG_WARN_BOOL_CONVERSION = YES;
				CLANG_WARN_COMMA = YES;
				CLANG_WARN_CONSTANT_CONVERSION = YES;
				CLANG_WARN_DEPRECATED_OBJC_IMPLEMENTATIONS = YES;
				CLANG_WARN_DIRECT_OBJC_ISA_USAGE = YES_ERROR;
				CLANG_WARN_DOCUMENTATION_COMMENTS = YES;
				CLANG_WARN_EMPTY_BODY = YES;
				CLANG_WARN_ENUM_CONVERSION = YES;
				CLANG_WARN_INFINITE_RECURSION = YES;
				CLANG_WARN_INT_CONVERSION = YES;
				CLANG_WARN_NON_LITERAL_NULL_CONVERSION = YES;
				CLANG_WARN_OBJC_IMPLICIT_RETAIN_SELF = YES;
				CLANG_WARN_OBJC_LITERAL_CONVERSION = YES;
				CLANG_WARN_OBJC_ROOT_CLASS = YES_ERROR;
				CLANG_WARN_QUOTED_INCLUDE_IN_FRAMEWORK_HEADER = YES;
				CLANG_WARN_RANGE_LOOP_ANALYSIS = YES;
				CLANG_WARN_STRICT_PROTOTYPES = YES;
				CLANG_WARN_SUSPICIOUS_MOVE = YES;
				CLANG_WARN_UNGUARDED_AVAILABILITY = YES_AGGRESSIVE;
				CLANG_WARN_UNREACHABLE_CODE = YES;
				CLANG_WARN__DUPLICATE_METHOD_MATCH = YES;
				COPY_PHASE_STRIP = NO;
				DEBUG_INFORMATION_FORMAT = dwarf;
				ENABLE_STRICT_OBJC_MSGSEND = YES;
				ENABLE_TESTABILITY = YES;
				GCC_C_LANGUAGE_STANDARD = gnu11;
				GCC_DYNAMIC_NO_PIC = NO;
				GCC_NO_COMMON_BLOCKS = YES;
				GCC_OPTIMIZATION_LEVEL = 0;
				GCC_PREPROCESSOR_DEFINITIONS = (
					"DEBUG=1",
					"$(inherited)",
				);
				GCC_WARN_64_TO_32_BIT_CONVERSION = YES;
				GCC_WARN_ABOUT_RETURN_TYPE = YES_ERROR;
				GCC_WARN_UNDECLARED_SELECTOR = YES;
				GCC_WARN_UNINITIALIZED_AUTOS = YES_AGGRESSIVE;
				GCC_WARN_UNUSED_FUNCTION = YES;
				GCC_WARN_UNUSED_VARIABLE = YES;
				IPHONEOS_DEPLOYMENT_TARGET = 14.0;
				MTL_ENABLE_DEBUG_INFO = INCLUDE_SOURCE;
				MTL_FAST_MATH = YES;
				ONLY_ACTIVE_ARCH = YES;
				SDKROOT = iphoneos;
				SWIFT_ACTIVE_COMPILATION_CONDITIONS = DEBUG;
				SWIFT_OPTIMIZATION_LEVEL = "-Onone";
			};
			name = Debug;
		};
		18271DEA253865A3002FE5BB /* Release */ = {
			isa = XCBuildConfiguration;
			buildSettings = {
				ALWAYS_SEARCH_USER_PATHS = NO;
				CLANG_ANALYZER_NONNULL = YES;
				CLANG_ANALYZER_NUMBER_OBJECT_CONVERSION = YES_AGGRESSIVE;
				CLANG_CXX_LANGUAGE_STANDARD = "gnu++14";
				CLANG_CXX_LIBRARY = "libc++";
				CLANG_ENABLE_MODULES = YES;
				CLANG_ENABLE_OBJC_ARC = YES;
				CLANG_ENABLE_OBJC_WEAK = YES;
				CLANG_WARN_BLOCK_CAPTURE_AUTORELEASING = YES;
				CLANG_WARN_BOOL_CONVERSION = YES;
				CLANG_WARN_COMMA = YES;
				CLANG_WARN_CONSTANT_CONVERSION = YES;
				CLANG_WARN_DEPRECATED_OBJC_IMPLEMENTATIONS = YES;
				CLANG_WARN_DIRECT_OBJC_ISA_USAGE = YES_ERROR;
				CLANG_WARN_DOCUMENTATION_COMMENTS = YES;
				CLANG_WARN_EMPTY_BODY = YES;
				CLANG_WARN_ENUM_CONVERSION = YES;
				CLANG_WARN_INFINITE_RECURSION = YES;
				CLANG_WARN_INT_CONVERSION = YES;
				CLANG_WARN_NON_LITERAL_NULL_CONVERSION = YES;
				CLANG_WARN_OBJC_IMPLICIT_RETAIN_SELF = YES;
				CLANG_WARN_OBJC_LITERAL_CONVERSION = YES;
				CLANG_WARN_OBJC_ROOT_CLASS = YES_ERROR;
				CLANG_WARN_QUOTED_INCLUDE_IN_FRAMEWORK_HEADER = YES;
				CLANG_WARN_RANGE_LOOP_ANALYSIS = YES;
				CLANG_WARN_STRICT_PROTOTYPES = YES;
				CLANG_WARN_SUSPICIOUS_MOVE = YES;
				CLANG_WARN_UNGUARDED_AVAILABILITY = YES_AGGRESSIVE;
				CLANG_WARN_UNREACHABLE_CODE = YES;
				CLANG_WARN__DUPLICATE_METHOD_MATCH = YES;
				COPY_PHASE_STRIP = NO;
				DEBUG_INFORMATION_FORMAT = "dwarf-with-dsym";
				ENABLE_NS_ASSERTIONS = NO;
				ENABLE_STRICT_OBJC_MSGSEND = YES;
				GCC_C_LANGUAGE_STANDARD = gnu11;
				GCC_NO_COMMON_BLOCKS = YES;
				GCC_WARN_64_TO_32_BIT_CONVERSION = YES;
				GCC_WARN_ABOUT_RETURN_TYPE = YES_ERROR;
				GCC_WARN_UNDECLARED_SELECTOR = YES;
				GCC_WARN_UNINITIALIZED_AUTOS = YES_AGGRESSIVE;
				GCC_WARN_UNUSED_FUNCTION = YES;
				GCC_WARN_UNUSED_VARIABLE = YES;
				IPHONEOS_DEPLOYMENT_TARGET = 14.0;
				MTL_ENABLE_DEBUG_INFO = NO;
				MTL_FAST_MATH = YES;
				SDKROOT = iphoneos;
				SWIFT_COMPILATION_MODE = wholemodule;
				SWIFT_OPTIMIZATION_LEVEL = "-O";
				VALIDATE_PRODUCT = YES;
			};
			name = Release;
		};
		18271DEC253865A3002FE5BB /* Debug */ = {
			isa = XCBuildConfiguration;
			buildSettings = {
				ASSETCATALOG_COMPILER_APPICON_NAME = AppIcon;
				ASSETCATALOG_COMPILER_GLOBAL_ACCENT_COLOR_NAME = AccentColor;
				CODE_SIGN_STYLE = Automatic;
				DEVELOPMENT_TEAM = Z7VEURMV45;
				INFOPLIST_FILE = DeepLinking/Info.plist;
				LD_RUNPATH_SEARCH_PATHS = (
					"$(inherited)",
					"@executable_path/Frameworks",
				);
				PRODUCT_BUNDLE_IDENTIFIER = com.DeepLinking;
				PRODUCT_NAME = "$(TARGET_NAME)";
				SWIFT_VERSION = 5.0;
				TARGETED_DEVICE_FAMILY = "1,2";
			};
			name = Debug;
		};
		18271DED253865A3002FE5BB /* Release */ = {
			isa = XCBuildConfiguration;
			buildSettings = {
				ASSETCATALOG_COMPILER_APPICON_NAME = AppIcon;
				ASSETCATALOG_COMPILER_GLOBAL_ACCENT_COLOR_NAME = AccentColor;
				CODE_SIGN_STYLE = Automatic;
				DEVELOPMENT_TEAM = Z7VEURMV45;
				INFOPLIST_FILE = DeepLinking/Info.plist;
				LD_RUNPATH_SEARCH_PATHS = (
					"$(inherited)",
					"@executable_path/Frameworks",
				);
				PRODUCT_BUNDLE_IDENTIFIER = com.DeepLinking;
				PRODUCT_NAME = "$(TARGET_NAME)";
				SWIFT_VERSION = 5.0;
				TARGETED_DEVICE_FAMILY = "1,2";
			};
			name = Release;
		};
		18271DEF253865A3002FE5BB /* Debug */ = {
			isa = XCBuildConfiguration;
			buildSettings = {
				ALWAYS_EMBED_SWIFT_STANDARD_LIBRARIES = YES;
				BUNDLE_LOADER = "$(TEST_HOST)";
				CODE_SIGN_STYLE = Automatic;
				DEVELOPMENT_TEAM = Z7VEURMV45;
				INFOPLIST_FILE = DeepLinkingTests/Info.plist;
				IPHONEOS_DEPLOYMENT_TARGET = 14.0;
				LD_RUNPATH_SEARCH_PATHS = (
					"$(inherited)",
					"@executable_path/Frameworks",
					"@loader_path/Frameworks",
				);
				PRODUCT_BUNDLE_IDENTIFIER = com.DeepLinkingTests;
				PRODUCT_NAME = "$(TARGET_NAME)";
				SWIFT_VERSION = 5.0;
				TARGETED_DEVICE_FAMILY = "1,2";
				TEST_HOST = "$(BUILT_PRODUCTS_DIR)/DeepLinking.app/DeepLinking";
			};
			name = Debug;
		};
		18271DF0253865A3002FE5BB /* Release */ = {
			isa = XCBuildConfiguration;
			buildSettings = {
				ALWAYS_EMBED_SWIFT_STANDARD_LIBRARIES = YES;
				BUNDLE_LOADER = "$(TEST_HOST)";
				CODE_SIGN_STYLE = Automatic;
				DEVELOPMENT_TEAM = Z7VEURMV45;
				INFOPLIST_FILE = DeepLinkingTests/Info.plist;
				IPHONEOS_DEPLOYMENT_TARGET = 14.0;
				LD_RUNPATH_SEARCH_PATHS = (
					"$(inherited)",
					"@executable_path/Frameworks",
					"@loader_path/Frameworks",
				);
				PRODUCT_BUNDLE_IDENTIFIER = com.DeepLinkingTests;
				PRODUCT_NAME = "$(TARGET_NAME)";
				SWIFT_VERSION = 5.0;
				TARGETED_DEVICE_FAMILY = "1,2";
				TEST_HOST = "$(BUILT_PRODUCTS_DIR)/DeepLinking.app/DeepLinking";
			};
			name = Release;
		};
		18271DF2253865A3002FE5BB /* Debug */ = {
			isa = XCBuildConfiguration;
			buildSettings = {
				ALWAYS_EMBED_SWIFT_STANDARD_LIBRARIES = YES;
				CODE_SIGN_STYLE = Automatic;
				DEVELOPMENT_TEAM = Z7VEURMV45;
				INFOPLIST_FILE = DeepLinkingUITests/Info.plist;
				LD_RUNPATH_SEARCH_PATHS = (
					"$(inherited)",
					"@executable_path/Frameworks",
					"@loader_path/Frameworks",
				);
				PRODUCT_BUNDLE_IDENTIFIER = com.DeepLinkingUITests;
				PRODUCT_NAME = "$(TARGET_NAME)";
				SWIFT_VERSION = 5.0;
				TARGETED_DEVICE_FAMILY = "1,2";
				TEST_TARGET_NAME = DeepLinking;
			};
			name = Debug;
		};
		18271DF3253865A3002FE5BB /* Release */ = {
			isa = XCBuildConfiguration;
			buildSettings = {
				ALWAYS_EMBED_SWIFT_STANDARD_LIBRARIES = YES;
				CODE_SIGN_STYLE = Automatic;
				DEVELOPMENT_TEAM = Z7VEURMV45;
				INFOPLIST_FILE = DeepLinkingUITests/Info.plist;
				LD_RUNPATH_SEARCH_PATHS = (
					"$(inherited)",
					"@executable_path/Frameworks",
					"@loader_path/Frameworks",
				);
				PRODUCT_BUNDLE_IDENTIFIER = com.DeepLinkingUITests;
				PRODUCT_NAME = "$(TARGET_NAME)";
				SWIFT_VERSION = 5.0;
				TARGETED_DEVICE_FAMILY = "1,2";
				TEST_TARGET_NAME = DeepLinking;
			};
			name = Release;
		};
/* End XCBuildConfiguration section */

/* Begin XCConfigurationList section */
		18271DBC253865A1002FE5BB /* Build configuration list for PBXProject "DeepLinking" */ = {
			isa = XCConfigurationList;
			buildConfigurations = (
				18271DE9253865A3002FE5BB /* Debug */,
				18271DEA253865A3002FE5BB /* Release */,
			);
			defaultConfigurationIsVisible = 0;
			defaultConfigurationName = Release;
		};
		18271DEB253865A3002FE5BB /* Build configuration list for PBXNativeTarget "DeepLinking" */ = {
			isa = XCConfigurationList;
			buildConfigurations = (
				18271DEC253865A3002FE5BB /* Debug */,
				18271DED253865A3002FE5BB /* Release */,
			);
			defaultConfigurationIsVisible = 0;
			defaultConfigurationName = Release;
		};
		18271DEE253865A3002FE5BB /* Build configuration list for PBXNativeTarget "DeepLinkingTests" */ = {
			isa = XCConfigurationList;
			buildConfigurations = (
				18271DEF253865A3002FE5BB /* Debug */,
				18271DF0253865A3002FE5BB /* Release */,
			);
			defaultConfigurationIsVisible = 0;
			defaultConfigurationName = Release;
		};
		18271DF1253865A3002FE5BB /* Build configuration list for PBXNativeTarget "DeepLinkingUITests" */ = {
			isa = XCConfigurationList;
			buildConfigurations = (
				18271DF2253865A3002FE5BB /* Debug */,
				18271DF3253865A3002FE5BB /* Release */,
			);
			defaultConfigurationIsVisible = 0;
			defaultConfigurationName = Release;
		};
/* End XCConfigurationList section */
	};
	rootObject = 18271DB9253865A1002FE5BB /* Project object */;
}
